
Microsoft Visual Studio Solution File, Format Version 12.00
# Visual Studio Version 17
VisualStudioVersion = 17.10.35013.160
MinimumVisualStudioVersion = 10.0.40219.1
Project("{9A19103F-16F7-4668-BE54-9A1E7A4F7556}") = "WebAppCRUD", "WebAppCRUD\WebAppCRUD.csproj", "{66092A05-1CC5-48E3-97E0-A647E705327E}"
EndProject
Project("{FAE04EC0-301F-11D3-BF4B-00C04F79EFBC}") = "UserAuth", "UserAuth\UserAuth.csproj", "{1022CA80-AD4C-4764-BB68-C50B06AAD768}"
EndProject
Global
	GlobalSection(SolutionConfigurationPlatforms) = preSolution
		Debug|Any CPU = Debug|Any CPU
		Release|Any CPU = Release|Any CPU
	EndGlobalSection
	GlobalSection(ProjectConfigurationPlatforms) = postSolution
		{66092A05-1CC5-48E3-97E0-A647E705327E}.Debug|Any CPU.ActiveCfg = Debug|Any CPU
		{66092A05-1CC5-48E3-97E0-A647E705327E}.Debug|Any CPU.Build.0 = Debug|Any CPU
		{66092A05-1CC5-48E3-97E0-A647E705327E}.Release|Any CPU.ActiveCfg = Release|Any CPU
		{66092A05-1CC5-48E3-97E0-A647E705327E}.Release|Any CPU.Build.0 = Release|Any CPU
		{1022CA80-AD4C-4764-BB68-C50B06AAD768}.Debug|Any CPU.ActiveCfg = Debug|Any CPU
		{1022CA80-AD4C-4764-BB68-C50B06AAD768}.Debug|Any CPU.Build.0 = Debug|Any CPU
		{1022CA80-AD4C-4764-BB68-C50B06AAD768}.Release|Any CPU.ActiveCfg = Release|Any CPU
		{1022CA80-AD4C-4764-BB68-C50B06AAD768}.Release|Any CPU.Build.0 = Release|Any CPU
	EndGlobalSection
	GlobalSection(SolutionProperties) = preSolution
		HideSolutionNode = FALSE
	EndGlobalSection
	GlobalSection(ExtensibilityGlobals) = postSolution
		SolutionGuid = {D663F813-4024-47C4-AD3F-2D9C20291C7A}
	EndGlobalSection
EndGlobal
